
Microsoft Visual Studio Solution File, Format Version 12.00
# Visual Studio Version 17
VisualStudioVersion = 17.9.34728.123
MinimumVisualStudioVersion = 10.0.40219.1
Project("{8BC9CEB8-8B4A-11D0-8D11-00A0C91BC942}") = "SequenceTable", "SequenceTable\SequenceTable.vcxproj", "{47C125DB-7583-43AB-9A91-2F73FF706C74}"
EndProject
Project("{8BC9CEB8-8B4A-11D0-8D11-00A0C91BC942}") = "LinkedList", "LinkedList\LinkedList.vcxproj", "{2B2DB70A-BA04-45A9-8872-056F3011F108}"
EndProject
Project("{8BC9CEB8-8B4A-11D0-8D11-00A0C91BC942}") = "Stack", "Stack\Stack.vcxproj", "{8A41FBD5-73AB-42F2-BF81-158AB6057E7A}"
EndProject
Project("{8BC9CEB8-8B4A-11D0-8D11-00A0C91BC942}") = "Queue", "Queue\Queue.vcxproj", "{7D4B9DF8-CBEE-4DBB-B583-6D9C4AF02F60}"
EndProject
Project("{8BC9CEB8-8B4A-11D0-8D11-00A0C91BC942}") = "strings", "strings\strings.vcxproj", "{B3F0FA95-B866-4BAA-8A86-47ECDB0B2447}"
EndProject
Project("{8BC9CEB8-8B4A-11D0-8D11-00A0C91BC942}") = "Trees", "Trees\Trees.vcxproj", "{CEE9AC30-4C2E-4F1B-80EC-D8086C13BD77}"
EndProject
Project("{8BC9CEB8-8B4A-11D0-8D11-00A0C91BC942}") = "Graph", "Graph\Graph.vcxproj", "{77C8CE15-0922-4C3A-96BF-1CD61E9D12BD}"
EndProject
Project("{8BC9CEB8-8B4A-11D0-8D11-00A0C91BC942}") = "Sorting", "Sorting\Sorting.vcxproj", "{F58A7906-7500-4374-9AED-14DC7624E4C9}"
EndProject
Global
	GlobalSection(SolutionConfigurationPlatforms) = preSolution
		Debug|x64 = Debug|x64
		Debug|x86 = Debug|x86
		Release|x64 = Release|x64
		Release|x86 = Release|x86
	EndGlobalSection
	GlobalSection(ProjectConfigurationPlatforms) = postSolution
		{47C125DB-7583-43AB-9A91-2F73FF706C74}.Debug|x64.ActiveCfg = Debug|x64
		{47C125DB-7583-43AB-9A91-2F73FF706C74}.Debug|x64.Build.0 = Debug|x64
		{47C125DB-7583-43AB-9A91-2F73FF706C74}.Debug|x86.ActiveCfg = Debug|Win32
		{47C125DB-7583-43AB-9A91-2F73FF706C74}.Debug|x86.Build.0 = Debug|Win32
		{47C125DB-7583-43AB-9A91-2F73FF706C74}.Release|x64.ActiveCfg = Release|x64
		{47C125DB-7583-43AB-9A91-2F73FF706C74}.Release|x64.Build.0 = Release|x64
		{47C125DB-7583-43AB-9A91-2F73FF706C74}.Release|x86.ActiveCfg = Release|Win32
		{47C125DB-7583-43AB-9A91-2F73FF706C74}.Release|x86.Build.0 = Release|Win32
		{2B2DB70A-BA04-45A9-8872-056F3011F108}.Debug|x64.ActiveCfg = Debug|x64
		{2B2DB70A-BA04-45A9-8872-056F3011F108}.Debug|x64.Build.0 = Debug|x64
		{2B2DB70A-BA04-45A9-8872-056F3011F108}.Debug|x86.ActiveCfg = Debug|Win32
		{2B2DB70A-BA04-45A9-8872-056F3011F108}.Debug|x86.Build.0 = Debug|Win32
		{2B2DB70A-BA04-45A9-8872-056F3011F108}.Release|x64.ActiveCfg = Release|x64
		{2B2DB70A-BA04-45A9-8872-056F3011F108}.Release|x64.Build.0 = Release|x64
		{2B2DB70A-BA04-45A9-8872-056F3011F108}.Release|x86.ActiveCfg = Release|Win32
		{2B2DB70A-BA04-45A9-8872-056F3011F108}.Release|x86.Build.0 = Release|Win32
		{8A41FBD5-73AB-42F2-BF81-158AB6057E7A}.Debug|x64.ActiveCfg = Debug|x64
		{8A41FBD5-73AB-42F2-BF81-158AB6057E7A}.Debug|x64.Build.0 = Debug|x64
		{8A41FBD5-73AB-42F2-BF81-158AB6057E7A}.Debug|x86.ActiveCfg = Debug|Win32
		{8A41FBD5-73AB-42F2-BF81-158AB6057E7A}.Debug|x86.Build.0 = Debug|Win32
		{8A41FBD5-73AB-42F2-BF81-158AB6057E7A}.Release|x64.ActiveCfg = Release|x64
		{8A41FBD5-73AB-42F2-BF81-158AB6057E7A}.Release|x64.Build.0 = Release|x64
		{8A41FBD5-73AB-42F2-BF81-158AB6057E7A}.Release|x86.ActiveCfg = Release|Win32
		{8A41FBD5-73AB-42F2-BF81-158AB6057E7A}.Release|x86.Build.0 = Release|Win32
		{7D4B9DF8-CBEE-4DBB-B583-6D9C4AF02F60}.Debug|x64.ActiveCfg = Debug|x64
		{7D4B9DF8-CBEE-4DBB-B583-6D9C4AF02F60}.Debug|x64.Build.0 = Debug|x64
		{7D4B9DF8-CBEE-4DBB-B583-6D9C4AF02F60}.Debug|x86.ActiveCfg = Debug|Win32
		{7D4B9DF8-CBEE-4DBB-B583-6D9C4AF02F60}.Debug|x86.Build.0 = Debug|Win32
		{7D4B9DF8-CBEE-4DBB-B583-6D9C4AF02F60}.Release|x64.ActiveCfg = Release|x64
		{7D4B9DF8-CBEE-4DBB-B583-6D9C4AF02F60}.Release|x64.Build.0 = Release|x64
		{7D4B9DF8-CBEE-4DBB-B583-6D9C4AF02F60}.Release|x86.ActiveCfg = Release|Win32
		{7D4B9DF8-CBEE-4DBB-B583-6D9C4AF02F60}.Release|x86.Build.0 = Release|Win32
		{B3F0FA95-B866-4BAA-8A86-47ECDB0B2447}.Debug|x64.ActiveCfg = Debug|x64
		{B3F0FA95-B866-4BAA-8A86-47ECDB0B2447}.Debug|x64.Build.0 = Debug|x64
		{B3F0FA95-B866-4BAA-8A86-47ECDB0B2447}.Debug|x86.ActiveCfg = Debug|Win32
		{B3F0FA95-B866-4BAA-8A86-47ECDB0B2447}.Debug|x86.Build.0 = Debug|Win32
		{B3F0FA95-B866-4BAA-8A86-47ECDB0B2447}.Release|x64.ActiveCfg = Release|x64
		{B3F0FA95-B866-4BAA-8A86-47ECDB0B2447}.Release|x64.Build.0 = Release|x64
		{B3F0FA95-B866-4BAA-8A86-47ECDB0B2447}.Release|x86.ActiveCfg = Release|Win32
		{B3F0FA95-B866-4BAA-8A86-47ECDB0B2447}.Release|x86.Build.0 = Release|Win32
		{CEE9AC30-4C2E-4F1B-80EC-D8086C13BD77}.Debug|x64.ActiveCfg = Debug|x64
		{CEE9AC30-4C2E-4F1B-80EC-D8086C13BD77}.Debug|x64.Build.0 = Debug|x64
		{CEE9AC30-4C2E-4F1B-80EC-D8086C13BD77}.Debug|x86.ActiveCfg = Debug|Win32
		{CEE9AC30-4C2E-4F1B-80EC-D8086C13BD77}.Debug|x86.Build.0 = Debug|Win32
		{CEE9AC30-4C2E-4F1B-80EC-D8086C13BD77}.Release|x64.ActiveCfg = Release|x64
		{CEE9AC30-4C2E-4F1B-80EC-D8086C13BD77}.Release|x64.Build.0 = Release|x64
		{CEE9AC30-4C2E-4F1B-80EC-D8086C13BD77}.Release|x86.ActiveCfg = Release|Win32
		{CEE9AC30-4C2E-4F1B-80EC-D8086C13BD77}.Release|x86.Build.0 = Release|Win32
		{77C8CE15-0922-4C3A-96BF-1CD61E9D12BD}.Debug|x64.ActiveCfg = Debug|x64
		{77C8CE15-0922-4C3A-96BF-1CD61E9D12BD}.Debug|x64.Build.0 = Debug|x64
		{77C8CE15-0922-4C3A-96BF-1CD61E9D12BD}.Debug|x86.ActiveCfg = Debug|Win32
		{77C8CE15-0922-4C3A-96BF-1CD61E9D12BD}.Debug|x86.Build.0 = Debug|Win32
		{77C8CE15-0922-4C3A-96BF-1CD61E9D12BD}.Release|x64.ActiveCfg = Release|x64
		{77C8CE15-0922-4C3A-96BF-1CD61E9D12BD}.Release|x64.Build.0 = Release|x64
		{77C8CE15-0922-4C3A-96BF-1CD61E9D12BD}.Release|x86.ActiveCfg = Release|Win32
		{77C8CE15-0922-4C3A-96BF-1CD61E9D12BD}.Release|x86.Build.0 = Release|Win32
		{F58A7906-7500-4374-9AED-14DC7624E4C9}.Debug|x64.ActiveCfg = Debug|x64
		{F58A7906-7500-4374-9AED-14DC7624E4C9}.Debug|x64.Build.0 = Debug|x64
		{F58A7906-7500-4374-9AED-14DC7624E4C9}.Debug|x86.ActiveCfg = Debug|Win32
		{F58A7906-7500-4374-9AED-14DC7624E4C9}.Debug|x86.Build.0 = Debug|Win32
		{F58A7906-7500-4374-9AED-14DC7624E4C9}.Release|x64.ActiveCfg = Release|x64
		{F58A7906-7500-4374-9AED-14DC7624E4C9}.Release|x64.Build.0 = Release|x64
		{F58A7906-7500-4374-9AED-14DC7624E4C9}.Release|x86.ActiveCfg = Release|Win32
		{F58A7906-7500-4374-9AED-14DC7624E4C9}.Release|x86.Build.0 = Release|Win32
	EndGlobalSection
	GlobalSection(SolutionProperties) = preSolution
		HideSolutionNode = FALSE
	EndGlobalSection
	GlobalSection(ExtensibilityGlobals) = postSolution
		SolutionGuid = {7723BD56-2B3C-408E-B768-A8195C9526E4}
	EndGlobalSection
EndGlobal
